
Microsoft Visual Studio Solution File, Format Version 12.00
# Visual Studio 15
VisualStudioVersion = 15.0.28307.852
MinimumVisualStudioVersion = 10.0.40219.1
Project("{FAE04EC0-301F-11D3-BF4B-00C04F79EFBC}") = "BMILab.Android", "BMILab\BMILab.Android\BMILab.Android.csproj", "{947DC8D6-8451-4612-B06F-449EE5327DE5}"
EndProject
Project("{FAE04EC0-301F-11D3-BF4B-00C04F79EFBC}") = "BMILab.UWP", "BMILab\BMILab.UWP\BMILab.UWP.csproj", "{72346005-A48F-48EA-8D15-BBA6930E03D9}"
EndProject
Project("{FAE04EC0-301F-11D3-BF4B-00C04F79EFBC}") = "BMILab", "BMILab\BMILab\BMILab.csproj", "{AC118107-42EF-486A-83DB-CF09E79D53C5}"
EndProject
Global
	GlobalSection(SolutionConfigurationPlatforms) = preSolution
		Debug|Any CPU = Debug|Any CPU
		Debug|ARM = Debug|ARM
		Debug|x64 = Debug|x64
		Debug|x86 = Debug|x86
		Release|Any CPU = Release|Any CPU
		Release|ARM = Release|ARM
		Release|x64 = Release|x64
		Release|x86 = Release|x86
	EndGlobalSection
	GlobalSection(ProjectConfigurationPlatforms) = postSolution
		{947DC8D6-8451-4612-B06F-449EE5327DE5}.Debug|Any CPU.ActiveCfg = Debug|Any CPU
		{947DC8D6-8451-4612-B06F-449EE5327DE5}.Debug|Any CPU.Build.0 = Debug|Any CPU
		{947DC8D6-8451-4612-B06F-449EE5327DE5}.Debug|Any CPU.Deploy.0 = Debug|Any CPU
		{947DC8D6-8451-4612-B06F-449EE5327DE5}.Debug|ARM.ActiveCfg = Debug|Any CPU
		{947DC8D6-8451-4612-B06F-449EE5327DE5}.Debug|ARM.Build.0 = Debug|Any CPU
		{947DC8D6-8451-4612-B06F-449EE5327DE5}.Debug|ARM.Deploy.0 = Debug|Any CPU
		{947DC8D6-8451-4612-B06F-449EE5327DE5}.Debug|x64.ActiveCfg = Debug|Any CPU
		{947DC8D6-8451-4612-B06F-449EE5327DE5}.Debug|x64.Build.0 = Debug|Any CPU
		{947DC8D6-8451-4612-B06F-449EE5327DE5}.Debug|x64.Deploy.0 = Debug|Any CPU
		{947DC8D6-8451-4612-B06F-449EE5327DE5}.Debug|x86.ActiveCfg = Debug|Any CPU
		{947DC8D6-8451-4612-B06F-449EE5327DE5}.Debug|x86.Build.0 = Debug|Any CPU
		{947DC8D6-8451-4612-B06F-449EE5327DE5}.Debug|x86.Deploy.0 = Debug|Any CPU
		{947DC8D6-8451-4612-B06F-449EE5327DE5}.Release|Any CPU.ActiveCfg = Release|Any CPU
		{947DC8D6-8451-4612-B06F-449EE5327DE5}.Release|Any CPU.Build.0 = Release|Any CPU
		{947DC8D6-8451-4612-B06F-449EE5327DE5}.Release|Any CPU.Deploy.0 = Release|Any CPU
		{947DC8D6-8451-4612-B06F-449EE5327DE5}.Release|ARM.ActiveCfg = Release|Any CPU
		{947DC8D6-8451-4612-B06F-449EE5327DE5}.Release|ARM.Build.0 = Release|Any CPU
		{947DC8D6-8451-4612-B06F-449EE5327DE5}.Release|ARM.Deploy.0 = Release|Any CPU
		{947DC8D6-8451-4612-B06F-449EE5327DE5}.Release|x64.ActiveCfg = Release|Any CPU
		{947DC8D6-8451-4612-B06F-449EE5327DE5}.Release|x64.Build.0 = Release|Any CPU
		{947DC8D6-8451-4612-B06F-449EE5327DE5}.Release|x64.Deploy.0 = Release|Any CPU
		{947DC8D6-8451-4612-B06F-449EE5327DE5}.Release|x86.ActiveCfg = Release|Any CPU
		{947DC8D6-8451-4612-B06F-449EE5327DE5}.Release|x86.Build.0 = Release|Any CPU
		{947DC8D6-8451-4612-B06F-449EE5327DE5}.Release|x86.Deploy.0 = Release|Any CPU
		{72346005-A48F-48EA-8D15-BBA6930E03D9}.Debug|Any CPU.ActiveCfg = Debug|x86
		{72346005-A48F-48EA-8D15-BBA6930E03D9}.Debug|Any CPU.Build.0 = Debug|x86
		{72346005-A48F-48EA-8D15-BBA6930E03D9}.Debug|Any CPU.Deploy.0 = Debug|x86
		{72346005-A48F-48EA-8D15-BBA6930E03D9}.Debug|ARM.ActiveCfg = Debug|ARM
		{72346005-A48F-48EA-8D15-BBA6930E03D9}.Debug|ARM.Build.0 = Debug|ARM
		{72346005-A48F-48EA-8D15-BBA6930E03D9}.Debug|ARM.Deploy.0 = Debug|ARM
		{72346005-A48F-48EA-8D15-BBA6930E03D9}.Debug|x64.ActiveCfg = Debug|x64
		{72346005-A48F-48EA-8D15-BBA6930E03D9}.Debug|x64.Build.0 = Debug|x64
		{72346005-A48F-48EA-8D15-BBA6930E03D9}.Debug|x64.Deploy.0 = Debug|x64
		{72346005-A48F-48EA-8D15-BBA6930E03D9}.Debug|x86.ActiveCfg = Debug|x86
		{72346005-A48F-48EA-8D15-BBA6930E03D9}.Debug|x86.Build.0 = Debug|x86
		{72346005-A48F-48EA-8D15-BBA6930E03D9}.Debug|x86.Deploy.0 = Debug|x86
		{72346005-A48F-48EA-8D15-BBA6930E03D9}.Release|Any CPU.ActiveCfg = Release|x86
		{72346005-A48F-48EA-8D15-BBA6930E03D9}.Release|Any CPU.Build.0 = Release|x86
		{72346005-A48F-48EA-8D15-BBA6930E03D9}.Release|Any CPU.Deploy.0 = Release|x86
		{72346005-A48F-48EA-8D15-BBA6930E03D9}.Release|ARM.ActiveCfg = Release|ARM
		{72346005-A48F-48EA-8D15-BBA6930E03D9}.Release|ARM.Build.0 = Release|ARM
		{72346005-A48F-48EA-8D15-BBA6930E03D9}.Release|ARM.Deploy.0 = Release|ARM
		{72346005-A48F-48EA-8D15-BBA6930E03D9}.Release|x64.ActiveCfg = Release|x64
		{72346005-A48F-48EA-8D15-BBA6930E03D9}.Release|x64.Build.0 = Release|x64
		{72346005-A48F-48EA-8D15-BBA6930E03D9}.Release|x64.Deploy.0 = Release|x64
		{72346005-A48F-48EA-8D15-BBA6930E03D9}.Release|x86.ActiveCfg = Release|x86
		{72346005-A48F-48EA-8D15-BBA6930E03D9}.Release|x86.Build.0 = Release|x86
		{72346005-A48F-48EA-8D15-BBA6930E03D9}.Release|x86.Deploy.0 = Release|x86
		{AC118107-42EF-486A-83DB-CF09E79D53C5}.Debug|Any CPU.ActiveCfg = Debug|Any CPU
		{AC118107-42EF-486A-83DB-CF09E79D53C5}.Debug|Any CPU.Build.0 = Debug|Any CPU
		{AC118107-42EF-486A-83DB-CF09E79D53C5}.Debug|Any CPU.Deploy.0 = Debug|Any CPU
		{AC118107-42EF-486A-83DB-CF09E79D53C5}.Debug|ARM.ActiveCfg = Debug|Any CPU
		{AC118107-42EF-486A-83DB-CF09E79D53C5}.Debug|ARM.Build.0 = Debug|Any CPU
		{AC118107-42EF-486A-83DB-CF09E79D53C5}.Debug|ARM.Deploy.0 = Debug|Any CPU
		{AC118107-42EF-486A-83DB-CF09E79D53C5}.Debug|x64.ActiveCfg = Debug|Any CPU
		{AC118107-42EF-486A-83DB-CF09E79D53C5}.Debug|x64.Build.0 = Debug|Any CPU
		{AC118107-42EF-486A-83DB-CF09E79D53C5}.Debug|x64.Deploy.0 = Debug|Any CPU
		{AC118107-42EF-486A-83DB-CF09E79D53C5}.Debug|x86.ActiveCfg = Debug|Any CPU
		{AC118107-42EF-486A-83DB-CF09E79D53C5}.Debug|x86.Build.0 = Debug|Any CPU
		{AC118107-42EF-486A-83DB-CF09E79D53C5}.Debug|x86.Deploy.0 = Debug|Any CPU
		{AC118107-42EF-486A-83DB-CF09E79D53C5}.Release|Any CPU.ActiveCfg = Release|Any CPU
		{AC118107-42EF-486A-83DB-CF09E79D53C5}.Release|Any CPU.Build.0 = Release|Any CPU
		{AC118107-42EF-486A-83DB-CF09E79D53C5}.Release|Any CPU.Deploy.0 = Release|Any CPU
		{AC118107-42EF-486A-83DB-CF09E79D53C5}.Release|ARM.ActiveCfg = Release|Any CPU
		{AC118107-42EF-486A-83DB-CF09E79D53C5}.Release|ARM.Build.0 = Release|Any CPU
		{AC118107-42EF-486A-83DB-CF09E79D53C5}.Release|ARM.Deploy.0 = Release|Any CPU
		{AC118107-42EF-486A-83DB-CF09E79D53C5}.Release|x64.ActiveCfg = Release|Any CPU
		{AC118107-42EF-486A-83DB-CF09E79D53C5}.Release|x64.Build.0 = Release|Any CPU
		{AC118107-42EF-486A-83DB-CF09E79D53C5}.Release|x64.Deploy.0 = Release|Any CPU
		{AC118107-42EF-486A-83DB-CF09E79D53C5}.Release|x86.ActiveCfg = Release|Any CPU
		{AC118107-42EF-486A-83DB-CF09E79D53C5}.Release|x86.Build.0 = Release|Any CPU
		{AC118107-42EF-486A-83DB-CF09E79D53C5}.Release|x86.Deploy.0 = Release|Any CPU
	EndGlobalSection
	GlobalSection(SolutionProperties) = preSolution
		HideSolutionNode = FALSE
	EndGlobalSection
	GlobalSection(ExtensibilityGlobals) = postSolution
		SolutionGuid = {8C5516D8-D935-4579-ACD9-7A17B8661F6B}
	EndGlobalSection
EndGlobal
